
Microsoft Visual Studio Solution File, Format Version 12.00
# Visual Studio Version 17
VisualStudioVersion = 17.12.35514.174
MinimumVisualStudioVersion = 10.0.40219.1
Project("{2150E333-8FDC-42A3-9474-1A3956D46DE8}") = "src", "src", "{DEDAEA19-8AE0-46ED-8B54-389A2C7DEE7F}"
EndProject
Project("{2150E333-8FDC-42A3-9474-1A3956D46DE8}") = "tests", "tests", "{D2EEC171-DF01-4787-B24D-FB0743B3E155}"
EndProject
Project("{2150E333-8FDC-42A3-9474-1A3956D46DE8}") = "Backend", "Backend", "{3DC6960C-8A5F-4026-A2CE-D1DF3E8DE898}"
EndProject
Project("{2150E333-8FDC-42A3-9474-1A3956D46DE8}") = "Shared", "Shared", "{7C9DCCC4-2611-4EC5-B70F-0D2CB6CC1CF4}"
EndProject
Project("{FAE04EC0-301F-11D3-BF4B-00C04F79EFBC}") = "MyCookBook.API", "src\Backend\MyCookBook.API\MyCookBook.API.csproj", "{288674F1-C6A5-4A35-B882-C78056AFD90B}"
EndProject
Project("{FAE04EC0-301F-11D3-BF4B-00C04F79EFBC}") = "MyCookBook.Application", "src\Backend\MyCookBook.Application\MyCookBook.Application.csproj", "{7BD1006B-265F-444E-93FF-016E8D47FB31}"
EndProject
Project("{FAE04EC0-301F-11D3-BF4B-00C04F79EFBC}") = "MyCookBook.Domain", "src\Backend\MyCookBook.Domain\MyCookBook.Domain.csproj", "{A705A911-D06A-49A6-BC0D-CFBFC8B620D4}"
EndProject
Project("{FAE04EC0-301F-11D3-BF4B-00C04F79EFBC}") = "MyCookBook.Infrastructure", "src\Backend\MyCookBook.Infrastructure\MyCookBook.Infrastructure.csproj", "{0DA697EB-68DF-4819-81C0-231358608DAD}"
EndProject
Project("{FAE04EC0-301F-11D3-BF4B-00C04F79EFBC}") = "MyCookBook.Communication", "src\Shared\MyCookBook.Communication\MyCookBook.Communication.csproj", "{1CCB852D-79FE-4FE4-9F66-78F7B937070B}"
EndProject
Project("{FAE04EC0-301F-11D3-BF4B-00C04F79EFBC}") = "MyCookBook.Exceptions", "src\Shared\MyCookBook.Exceptions\MyCookBook.Exceptions.csproj", "{8757FD83-325A-468D-9F1E-30B13402B04B}"
EndProject
Global
	GlobalSection(SolutionConfigurationPlatforms) = preSolution
		Debug|Any CPU = Debug|Any CPU
		Release|Any CPU = Release|Any CPU
	EndGlobalSection
	GlobalSection(ProjectConfigurationPlatforms) = postSolution
		{288674F1-C6A5-4A35-B882-C78056AFD90B}.Debug|Any CPU.ActiveCfg = Debug|Any CPU
		{288674F1-C6A5-4A35-B882-C78056AFD90B}.Debug|Any CPU.Build.0 = Debug|Any CPU
		{288674F1-C6A5-4A35-B882-C78056AFD90B}.Release|Any CPU.ActiveCfg = Release|Any CPU
		{288674F1-C6A5-4A35-B882-C78056AFD90B}.Release|Any CPU.Build.0 = Release|Any CPU
		{7BD1006B-265F-444E-93FF-016E8D47FB31}.Debug|Any CPU.ActiveCfg = Debug|Any CPU
		{7BD1006B-265F-444E-93FF-016E8D47FB31}.Debug|Any CPU.Build.0 = Debug|Any CPU
		{7BD1006B-265F-444E-93FF-016E8D47FB31}.Release|Any CPU.ActiveCfg = Release|Any CPU
		{7BD1006B-265F-444E-93FF-016E8D47FB31}.Release|Any CPU.Build.0 = Release|Any CPU
		{A705A911-D06A-49A6-BC0D-CFBFC8B620D4}.Debug|Any CPU.ActiveCfg = Debug|Any CPU
		{A705A911-D06A-49A6-BC0D-CFBFC8B620D4}.Debug|Any CPU.Build.0 = Debug|Any CPU
		{A705A911-D06A-49A6-BC0D-CFBFC8B620D4}.Release|Any CPU.ActiveCfg = Release|Any CPU
		{A705A911-D06A-49A6-BC0D-CFBFC8B620D4}.Release|Any CPU.Build.0 = Release|Any CPU
		{0DA697EB-68DF-4819-81C0-231358608DAD}.Debug|Any CPU.ActiveCfg = Debug|Any CPU
		{0DA697EB-68DF-4819-81C0-231358608DAD}.Debug|Any CPU.Build.0 = Debug|Any CPU
		{0DA697EB-68DF-4819-81C0-231358608DAD}.Release|Any CPU.ActiveCfg = Release|Any CPU
		{0DA697EB-68DF-4819-81C0-231358608DAD}.Release|Any CPU.Build.0 = Release|Any CPU
		{1CCB852D-79FE-4FE4-9F66-78F7B937070B}.Debug|Any CPU.ActiveCfg = Debug|Any CPU
		{1CCB852D-79FE-4FE4-9F66-78F7B937070B}.Debug|Any CPU.Build.0 = Debug|Any CPU
		{1CCB852D-79FE-4FE4-9F66-78F7B937070B}.Release|Any CPU.ActiveCfg = Release|Any CPU
		{1CCB852D-79FE-4FE4-9F66-78F7B937070B}.Release|Any CPU.Build.0 = Release|Any CPU
		{8757FD83-325A-468D-9F1E-30B13402B04B}.Debug|Any CPU.ActiveCfg = Debug|Any CPU
		{8757FD83-325A-468D-9F1E-30B13402B04B}.Debug|Any CPU.Build.0 = Debug|Any CPU
		{8757FD83-325A-468D-9F1E-30B13402B04B}.Release|Any CPU.ActiveCfg = Release|Any CPU
		{8757FD83-325A-468D-9F1E-30B13402B04B}.Release|Any CPU.Build.0 = Release|Any CPU
	EndGlobalSection
	GlobalSection(SolutionProperties) = preSolution
		HideSolutionNode = FALSE
	EndGlobalSection
	GlobalSection(NestedProjects) = preSolution
		{3DC6960C-8A5F-4026-A2CE-D1DF3E8DE898} = {DEDAEA19-8AE0-46ED-8B54-389A2C7DEE7F}
		{7C9DCCC4-2611-4EC5-B70F-0D2CB6CC1CF4} = {DEDAEA19-8AE0-46ED-8B54-389A2C7DEE7F}
		{288674F1-C6A5-4A35-B882-C78056AFD90B} = {3DC6960C-8A5F-4026-A2CE-D1DF3E8DE898}
		{7BD1006B-265F-444E-93FF-016E8D47FB31} = {3DC6960C-8A5F-4026-A2CE-D1DF3E8DE898}
		{A705A911-D06A-49A6-BC0D-CFBFC8B620D4} = {3DC6960C-8A5F-4026-A2CE-D1DF3E8DE898}
		{0DA697EB-68DF-4819-81C0-231358608DAD} = {3DC6960C-8A5F-4026-A2CE-D1DF3E8DE898}
		{1CCB852D-79FE-4FE4-9F66-78F7B937070B} = {7C9DCCC4-2611-4EC5-B70F-0D2CB6CC1CF4}
		{8757FD83-325A-468D-9F1E-30B13402B04B} = {7C9DCCC4-2611-4EC5-B70F-0D2CB6CC1CF4}
	EndGlobalSection
EndGlobal
